
Microsoft Visual Studio Solution File, Format Version 12.00
# Visual Studio Version 17
VisualStudioVersion = 17.9.34728.123
MinimumVisualStudioVersion = 10.0.40219.1
Project("{FAE04EC0-301F-11D3-BF4B-00C04F79EFBC}") = "WpfAppPruebaNET", "WpfAppPruebaNET\WpfAppPruebaNET.csproj", "{51B4866C-30DF-483D-A6A9-35EDB19EDCA8}"
EndProject
Global
	GlobalSection(SolutionConfigurationPlatforms) = preSolution
		Debug|Any CPU = Debug|Any CPU
		Release|Any CPU = Release|Any CPU
	EndGlobalSection
	GlobalSection(ProjectConfigurationPlatforms) = postSolution
		{51B4866C-30DF-483D-A6A9-35EDB19EDCA8}.Debug|Any CPU.ActiveCfg = Debug|Any CPU
		{51B4866C-30DF-483D-A6A9-35EDB19EDCA8}.Debug|Any CPU.Build.0 = Debug|Any CPU
		{51B4866C-30DF-483D-A6A9-35EDB19EDCA8}.Release|Any CPU.ActiveCfg = Release|Any CPU
		{51B4866C-30DF-483D-A6A9-35EDB19EDCA8}.Release|Any CPU.Build.0 = Release|Any CPU
	EndGlobalSection
	GlobalSection(SolutionProperties) = preSolution
		HideSolutionNode = FALSE
	EndGlobalSection
	GlobalSection(ExtensibilityGlobals) = postSolution
		SolutionGuid = {DC288333-7D3A-483F-8B51-6DACE58F5793}
	EndGlobalSection
EndGlobal
